
Microsoft Visual Studio Solution File, Format Version 12.00
# Visual Studio Version 17
VisualStudioVersion = 17.10.34916.146
MinimumVisualStudioVersion = 10.0.40219.1
Project("{FAE04EC0-301F-11D3-BF4B-00C04F79EFBC}") = "ProfesionalProfile+District3-MVC", "ProfesionalProfile+District3-MVC\ProfesionalProfile+District3-MVC.csproj", "{01074A14-D42A-4909-B096-6814E992B61A}"
EndProject
Global
	GlobalSection(SolutionConfigurationPlatforms) = preSolution
		Debug|Any CPU = Debug|Any CPU
		Release|Any CPU = Release|Any CPU
	EndGlobalSection
	GlobalSection(ProjectConfigurationPlatforms) = postSolution
		{01074A14-D42A-4909-B096-6814E992B61A}.Debug|Any CPU.ActiveCfg = Debug|Any CPU
		{01074A14-D42A-4909-B096-6814E992B61A}.Debug|Any CPU.Build.0 = Debug|Any CPU
		{01074A14-D42A-4909-B096-6814E992B61A}.Release|Any CPU.ActiveCfg = Release|Any CPU
		{01074A14-D42A-4909-B096-6814E992B61A}.Release|Any CPU.Build.0 = Release|Any CPU
	EndGlobalSection
	GlobalSection(SolutionProperties) = preSolution
		HideSolutionNode = FALSE
	EndGlobalSection
	GlobalSection(ExtensibilityGlobals) = postSolution
		SolutionGuid = {CD83C563-6DB9-4EEA-887A-52CB153E9B52}
	EndGlobalSection
EndGlobal
