
Microsoft Visual Studio Solution File, Format Version 12.00
# Visual Studio Version 17
VisualStudioVersion = 17.9.34728.123
MinimumVisualStudioVersion = 10.0.40219.1
Project("{FAE04EC0-301F-11D3-BF4B-00C04F79EFBC}") = "MergeIIS", "MergeIIS\MergeIIS.csproj", "{DD719507-A23D-4593-BD22-EE59363EE118}"
	ProjectSection(ProjectDependencies) = postProject
		{04C398FB-8994-416A-9EE7-0959F26B3849} = {04C398FB-8994-416A-9EE7-0959F26B3849}
		{7D3DA1BC-DC25-4F97-AE9A-8203A2A69D6B} = {7D3DA1BC-DC25-4F97-AE9A-8203A2A69D6B}
	EndProjectSection
EndProject
Project("{FAE04EC0-301F-11D3-BF4B-00C04F79EFBC}") = "District3.Application", "District3.Application\District3.Application.csproj", "{7D3DA1BC-DC25-4F97-AE9A-8203A2A69D6B}"
EndProject
Project("{FAE04EC0-301F-11D3-BF4B-00C04F79EFBC}") = "ProfessionalProfile.Application", "ProfessionalProfile.Application\ProfessionalProfile.Application.csproj", "{04C398FB-8994-416A-9EE7-0959F26B3849}"
EndProject
Project("{FAE04EC0-301F-11D3-BF4B-00C04F79EFBC}") = "Securisti.Application", "Securisti.Application\Securisti.Application.csproj", "{E281DEDE-B0F4-45F6-A3D4-D2B3573AF568}"
EndProject
Global
	GlobalSection(SolutionConfigurationPlatforms) = preSolution
		Debug|Any CPU = Debug|Any CPU
		Release|Any CPU = Release|Any CPU
	EndGlobalSection
	GlobalSection(ProjectConfigurationPlatforms) = postSolution
		{DD719507-A23D-4593-BD22-EE59363EE118}.Debug|Any CPU.ActiveCfg = Debug|Any CPU
		{DD719507-A23D-4593-BD22-EE59363EE118}.Debug|Any CPU.Build.0 = Debug|Any CPU
		{DD719507-A23D-4593-BD22-EE59363EE118}.Release|Any CPU.ActiveCfg = Release|Any CPU
		{DD719507-A23D-4593-BD22-EE59363EE118}.Release|Any CPU.Build.0 = Release|Any CPU
		{7D3DA1BC-DC25-4F97-AE9A-8203A2A69D6B}.Debug|Any CPU.ActiveCfg = Debug|Any CPU
		{7D3DA1BC-DC25-4F97-AE9A-8203A2A69D6B}.Debug|Any CPU.Build.0 = Debug|Any CPU
		{7D3DA1BC-DC25-4F97-AE9A-8203A2A69D6B}.Release|Any CPU.ActiveCfg = Release|Any CPU
		{7D3DA1BC-DC25-4F97-AE9A-8203A2A69D6B}.Release|Any CPU.Build.0 = Release|Any CPU
		{04C398FB-8994-416A-9EE7-0959F26B3849}.Debug|Any CPU.ActiveCfg = Debug|Any CPU
		{04C398FB-8994-416A-9EE7-0959F26B3849}.Debug|Any CPU.Build.0 = Debug|Any CPU
		{04C398FB-8994-416A-9EE7-0959F26B3849}.Release|Any CPU.ActiveCfg = Release|Any CPU
		{04C398FB-8994-416A-9EE7-0959F26B3849}.Release|Any CPU.Build.0 = Release|Any CPU
		{E281DEDE-B0F4-45F6-A3D4-D2B3573AF568}.Debug|Any CPU.ActiveCfg = Debug|Any CPU
		{E281DEDE-B0F4-45F6-A3D4-D2B3573AF568}.Debug|Any CPU.Build.0 = Debug|Any CPU
		{E281DEDE-B0F4-45F6-A3D4-D2B3573AF568}.Release|Any CPU.ActiveCfg = Release|Any CPU
		{E281DEDE-B0F4-45F6-A3D4-D2B3573AF568}.Release|Any CPU.Build.0 = Release|Any CPU
	EndGlobalSection
	GlobalSection(SolutionProperties) = preSolution
		HideSolutionNode = FALSE
	EndGlobalSection
	GlobalSection(ExtensibilityGlobals) = postSolution
		SolutionGuid = {85A4ABEE-DCBC-4632-ACA1-2336BAED28C7}
	EndGlobalSection
EndGlobal
